github.com/monkeymatt0/binance_url_builder v1.0.4-beta h1:1Z5ph5LNmFHj2PsyEAFHSQVkOEP2HR2Sk2ZbquyaTFw=
github.com/monkeymatt0/binance_url_builder v1.0.4-beta/go.mod h1:12GHMMvmEi4qonRVq3Xq+k4V7a66+8D3XYk5/NKPH5o=
github.com/monkeymatt0/binance_url_builder v1.0.6-beta h1:PjONf6O8W14LXl04q0TTCgPfLGI7/X31/L9rQdRLQ4E=
github.com/monkeymatt0/binance_url_builder v1.0.6-beta/go.mod h1:12GHMMvmEi4qonRVq3Xq+k4V7a66+8D3XYk5/NKPH5o=
